
Microsoft Visual Studio Solution File, Format Version 12.00
# Visual Studio Version 16
VisualStudioVersion = 16.0.28803.352
MinimumVisualStudioVersion = 10.0.40219.1
Project("{888888A0-9F3D-457C-B088-3A5042F75D52}") = "AutocompletarPoema", "AutocompletarPoema.pyproj", "{6B13988A-AEC4-4D3B-B876-B5DAE7403E0B}"
EndProject
Global
	GlobalSection(SolutionConfigurationPlatforms) = preSolution
		Debug|Any CPU = Debug|Any CPU
		Release|Any CPU = Release|Any CPU
	EndGlobalSection
	GlobalSection(ProjectConfigurationPlatforms) = postSolution
		{6B13988A-AEC4-4D3B-B876-B5DAE7403E0B}.Debug|Any CPU.ActiveCfg = Debug|Any CPU
		{6B13988A-AEC4-4D3B-B876-B5DAE7403E0B}.Release|Any CPU.ActiveCfg = Release|Any CPU
	EndGlobalSection
	GlobalSection(SolutionProperties) = preSolution
		HideSolutionNode = FALSE
	EndGlobalSection
	GlobalSection(ExtensibilityGlobals) = postSolution
		SolutionGuid = {EA99897B-274E-4AD4-89FE-D20981FC7112}
	EndGlobalSection
EndGlobal
